
Microsoft Visual Studio Solution File, Format Version 12.00
# Visual Studio 15
VisualStudioVersion = 15.0.27520.0
MinimumVisualStudioVersion = 10.0.40219.1
Project("{2150E333-8FDC-42A3-9474-1A3956D46DE8}") = "src", "src", "{031A12EA-42EB-4342-836A-9AEC623B64EB}"
EndProject
Project("{2150E333-8FDC-42A3-9474-1A3956D46DE8}") = "test", "test", "{949CF5E9-1F09-4559-AD34-C85721124CEB}"
EndProject
Project("{2150E333-8FDC-42A3-9474-1A3956D46DE8}") = "common", "common", "{86B07A59-975C-4ED1-89BB-D886C03AF3DB}"
	ProjectSection(SolutionItems) = preProject
		appveyor.yml = appveyor.yml
		README.md = README.md
	EndProjectSection
EndProject
Project("{9A19103F-16F7-4668-BE54-9A1E7A4F7556}") = "BlazinPomodoro.Shared", "src\BlazinPomodoro.Shared\BlazinPomodoro.Shared.csproj", "{3EA335B9-2A9B-4A48-9339-6A39EF9799C0}"
EndProject
Project("{9A19103F-16F7-4668-BE54-9A1E7A4F7556}") = "BlazinPomodoro.Client", "src\BlazinPomodoro.Client\BlazinPomodoro.Client.csproj", "{087A2795-F1F6-4DB3-BA33-D14E5E8939DC}"
EndProject
Project("{9A19103F-16F7-4668-BE54-9A1E7A4F7556}") = "BlazinPomodoro.Server", "src\BlazinPomodoro.Server\BlazinPomodoro.Server.csproj", "{DFEE44BD-0224-474A-8807-FF5F2FF91D56}"
EndProject
Global
	GlobalSection(SolutionConfigurationPlatforms) = preSolution
		Debug|Any CPU = Debug|Any CPU
		Release|Any CPU = Release|Any CPU
	EndGlobalSection
	GlobalSection(ProjectConfigurationPlatforms) = postSolution
		{3EA335B9-2A9B-4A48-9339-6A39EF9799C0}.Debug|Any CPU.ActiveCfg = Debug|Any CPU
		{3EA335B9-2A9B-4A48-9339-6A39EF9799C0}.Debug|Any CPU.Build.0 = Debug|Any CPU
		{3EA335B9-2A9B-4A48-9339-6A39EF9799C0}.Release|Any CPU.ActiveCfg = Release|Any CPU
		{3EA335B9-2A9B-4A48-9339-6A39EF9799C0}.Release|Any CPU.Build.0 = Release|Any CPU
		{087A2795-F1F6-4DB3-BA33-D14E5E8939DC}.Debug|Any CPU.ActiveCfg = Debug|Any CPU
		{087A2795-F1F6-4DB3-BA33-D14E5E8939DC}.Debug|Any CPU.Build.0 = Debug|Any CPU
		{087A2795-F1F6-4DB3-BA33-D14E5E8939DC}.Release|Any CPU.ActiveCfg = Release|Any CPU
		{087A2795-F1F6-4DB3-BA33-D14E5E8939DC}.Release|Any CPU.Build.0 = Release|Any CPU
		{DFEE44BD-0224-474A-8807-FF5F2FF91D56}.Debug|Any CPU.ActiveCfg = Debug|Any CPU
		{DFEE44BD-0224-474A-8807-FF5F2FF91D56}.Debug|Any CPU.Build.0 = Debug|Any CPU
		{DFEE44BD-0224-474A-8807-FF5F2FF91D56}.Release|Any CPU.ActiveCfg = Release|Any CPU
		{DFEE44BD-0224-474A-8807-FF5F2FF91D56}.Release|Any CPU.Build.0 = Release|Any CPU
	EndGlobalSection
	GlobalSection(SolutionProperties) = preSolution
		HideSolutionNode = FALSE
	EndGlobalSection
	GlobalSection(NestedProjects) = preSolution
		{3EA335B9-2A9B-4A48-9339-6A39EF9799C0} = {031A12EA-42EB-4342-836A-9AEC623B64EB}
		{087A2795-F1F6-4DB3-BA33-D14E5E8939DC} = {031A12EA-42EB-4342-836A-9AEC623B64EB}
		{DFEE44BD-0224-474A-8807-FF5F2FF91D56} = {031A12EA-42EB-4342-836A-9AEC623B64EB}
	EndGlobalSection
	GlobalSection(ExtensibilityGlobals) = postSolution
		SolutionGuid = {5D6E1479-A136-4AFB-95BC-2543D3DBC51B}
	EndGlobalSection
EndGlobal
