
Microsoft Visual Studio Solution File, Format Version 12.00
# Visual Studio 15
VisualStudioVersion = 15.0.27520.0
MinimumVisualStudioVersion = 10.0.40219.1
Project("{FAE04EC0-301F-11D3-BF4B-00C04F79EFBC}") = "BlazinPomodoro.Server", "BlazinPomodoro\BlazinPomodoro.Server\BlazinPomodoro.Server.csproj", "{D08D5409-2F5D-4BAF-AFEB-4D65F285F27B}"
EndProject
Project("{FAE04EC0-301F-11D3-BF4B-00C04F79EFBC}") = "BlazinPomodoro.Client", "BlazinPomodoro\BlazinPomodoro.Client\BlazinPomodoro.Client.csproj", "{2EF542A8-1B22-4936-84A0-5B154FBA6457}"
EndProject
Project("{FAE04EC0-301F-11D3-BF4B-00C04F79EFBC}") = "BlazinPomodoro.Shared", "BlazinPomodoro\BlazinPomodoro.Shared\BlazinPomodoro.Shared.csproj", "{744F43C7-94F3-4373-BCA6-74BD916B652C}"
EndProject
Global
	GlobalSection(SolutionConfigurationPlatforms) = preSolution
		Debug|Any CPU = Debug|Any CPU
		Release|Any CPU = Release|Any CPU
	EndGlobalSection
	GlobalSection(ProjectConfigurationPlatforms) = postSolution
		{D08D5409-2F5D-4BAF-AFEB-4D65F285F27B}.Debug|Any CPU.ActiveCfg = Debug|Any CPU
		{D08D5409-2F5D-4BAF-AFEB-4D65F285F27B}.Debug|Any CPU.Build.0 = Debug|Any CPU
		{D08D5409-2F5D-4BAF-AFEB-4D65F285F27B}.Release|Any CPU.ActiveCfg = Release|Any CPU
		{D08D5409-2F5D-4BAF-AFEB-4D65F285F27B}.Release|Any CPU.Build.0 = Release|Any CPU
		{2EF542A8-1B22-4936-84A0-5B154FBA6457}.Debug|Any CPU.ActiveCfg = Debug|Any CPU
		{2EF542A8-1B22-4936-84A0-5B154FBA6457}.Debug|Any CPU.Build.0 = Debug|Any CPU
		{2EF542A8-1B22-4936-84A0-5B154FBA6457}.Release|Any CPU.ActiveCfg = Release|Any CPU
		{2EF542A8-1B22-4936-84A0-5B154FBA6457}.Release|Any CPU.Build.0 = Release|Any CPU
		{744F43C7-94F3-4373-BCA6-74BD916B652C}.Debug|Any CPU.ActiveCfg = Debug|Any CPU
		{744F43C7-94F3-4373-BCA6-74BD916B652C}.Debug|Any CPU.Build.0 = Debug|Any CPU
		{744F43C7-94F3-4373-BCA6-74BD916B652C}.Release|Any CPU.ActiveCfg = Release|Any CPU
		{744F43C7-94F3-4373-BCA6-74BD916B652C}.Release|Any CPU.Build.0 = Release|Any CPU
	EndGlobalSection
	GlobalSection(SolutionProperties) = preSolution
		HideSolutionNode = FALSE
	EndGlobalSection
	GlobalSection(ExtensibilityGlobals) = postSolution
		SolutionGuid = {5D6E1479-A136-4AFB-95BC-2543D3DBC51B}
	EndGlobalSection
EndGlobal
